
Microsoft Visual Studio Solution File, Format Version 12.00
# Visual Studio Version 17
VisualStudioVersion = 17.9.34714.143
MinimumVisualStudioVersion = 10.0.40219.1
Project("{FAE04EC0-301F-11D3-BF4B-00C04F79EFBC}") = "TodoApi", "TodoApi.csproj", "{6162D910-7939-4822-84A1-C517A3F01A1D}"
EndProject
Global
	GlobalSection(SolutionConfigurationPlatforms) = preSolution
		Debug|Any CPU = Debug|Any CPU
		Release|Any CPU = Release|Any CPU
	EndGlobalSection
	GlobalSection(ProjectConfigurationPlatforms) = postSolution
		{6162D910-7939-4822-84A1-C517A3F01A1D}.Debug|Any CPU.ActiveCfg = Debug|Any CPU
		{6162D910-7939-4822-84A1-C517A3F01A1D}.Debug|Any CPU.Build.0 = Debug|Any CPU
		{6162D910-7939-4822-84A1-C517A3F01A1D}.Release|Any CPU.ActiveCfg = Release|Any CPU
		{6162D910-7939-4822-84A1-C517A3F01A1D}.Release|Any CPU.Build.0 = Release|Any CPU
	EndGlobalSection
	GlobalSection(SolutionProperties) = preSolution
		HideSolutionNode = FALSE
	EndGlobalSection
	GlobalSection(ExtensibilityGlobals) = postSolution
		SolutionGuid = {B8C01927-0CEF-45BB-A9FB-A9E1E0F0289B}
	EndGlobalSection
EndGlobal
